// !$*UTF8*$!
{
	archiveVersion = 1;
	classes = {
	};
	objectVersion = 50;
	objects = {

/* Begin PBXBuildFile section */
		E871618523706BEB00D361EE /* AppDelegate.swift in Sources */ = {isa = PBXBuildFile; fileRef = E871618423706BEB00D361EE /* AppDelegate.swift */; };
		E871618723706BEB00D361EE /* SceneDelegate.swift in Sources */ = {isa = PBXBuildFile; fileRef = E871618623706BEB00D361EE /* SceneDelegate.swift */; };
		E871618A23706BEB00D361EE /* ContactsApp.xcdatamodeld in Sources */ = {isa = PBXBuildFile; fileRef = E871618823706BEB00D361EE /* ContactsApp.xcdatamodeld */; };
		E871618C23706BEB00D361EE /* ContactList.swift in Sources */ = {isa = PBXBuildFile; fileRef = E871618B23706BEB00D361EE /* ContactList.swift */; };
		E871618E23706BEC00D361EE /* Assets.xcassets in Resources */ = {isa = PBXBuildFile; fileRef = E871618D23706BEC00D361EE /* Assets.xcassets */; };
		E871619123706BEC00D361EE /* Preview Assets.xcassets in Resources */ = {isa = PBXBuildFile; fileRef = E871619023706BEC00D361EE /* Preview Assets.xcassets */; };
		E871619423706BEC00D361EE /* LaunchScreen.storyboard in Resources */ = {isa = PBXBuildFile; fileRef = E871619223706BEC00D361EE /* LaunchScreen.storyboard */; };
		E871619F23706BED00D361EE /* ContactsAppTests.swift in Sources */ = {isa = PBXBuildFile; fileRef = E871619E23706BED00D361EE /* ContactsAppTests.swift */; };
		E87161AA23706BED00D361EE /* ContactsAppUITests.swift in Sources */ = {isa = PBXBuildFile; fileRef = E87161A923706BED00D361EE /* ContactsAppUITests.swift */; };
		E87161B823706C3C00D361EE /* ContactRow.swift in Sources */ = {isa = PBXBuildFile; fileRef = E87161B723706C3C00D361EE /* ContactRow.swift */; };
		E87161BA23706E7800D361EE /* ContactData.swift in Sources */ = {isa = PBXBuildFile; fileRef = E87161B923706E7800D361EE /* ContactData.swift */; };
/* End PBXBuildFile section */

/* Begin PBXContainerItemProxy section */
		E871619B23706BEC00D361EE /* PBXContainerItemProxy */ = {
			isa = PBXContainerItemProxy;
			containerPortal = E871617923706BEB00D361EE /* Project object */;
			proxyType = 1;
			remoteGlobalIDString = E871618023706BEB00D361EE;
			remoteInfo = ContactsApp;
		};
		E87161A623706BED00D361EE /* PBXContainerItemProxy */ = {
			isa = PBXContainerItemProxy;
			containerPortal = E871617923706BEB00D361EE /* Project object */;
			proxyType = 1;
			remoteGlobalIDString = E871618023706BEB00D361EE;
			remoteInfo = ContactsApp;
		};
/* End PBXContainerItemProxy section */

/* Begin PBXFileReference section */
		E871618123706BEB00D361EE /* ContactsApp.app */ = {isa = PBXFileReference; explicitFileType = wrapper.application; includeInIndex = 0; path = ContactsApp.app; sourceTree = BUILT_PRODUCTS_DIR; };
		E871618423706BEB00D361EE /* AppDelegate.swift */ = {isa = PBXFileReference; lastKnownFileType = sourcecode.swift; path = AppDelegate.swift; sourceTree = "<group>"; };
		E871618623706BEB00D361EE /* SceneDelegate.swift */ = {isa = PBXFileReference; lastKnownFileType = sourcecode.swift; path = SceneDelegate.swift; sourceTree = "<group>"; };
		E871618923706BEB00D361EE /* ContactsApp.xcdatamodel */ = {isa = PBXFileReference; lastKnownFileType = wrapper.xcdatamodel; path = ContactsApp.xcdatamodel; sourceTree = "<group>"; };
		E871618B23706BEB00D361EE /* ContactList.swift */ = {isa = PBXFileReference; lastKnownFileType = sourcecode.swift; path = ContactList.swift; sourceTree = "<group>"; };
		E871618D23706BEC00D361EE /* Assets.xcassets */ = {isa = PBXFileReference; lastKnownFileType = folder.assetcatalog; path = Assets.xcassets; sourceTree = "<group>"; };
		E871619023706BEC00D361EE /* Preview Assets.xcassets */ = {isa = PBXFileReference; lastKnownFileType = folder.assetcatalog; path = "Preview Assets.xcassets"; sourceTree = "<group>"; };
		E871619323706BEC00D361EE /* Base */ = {isa = PBXFileReference; lastKnownFileType = file.storyboard; name = Base; path = Base.lproj/LaunchScreen.storyboard; sourceTree = "<group>"; };
		E871619523706BEC00D361EE /* Info.plist */ = {isa = PBXFileReference; lastKnownFileType = text.plist.xml; path = Info.plist; sourceTree = "<group>"; };
		E871619A23706BEC00D361EE /* ContactsAppTests.xctest */ = {isa = PBXFileReference; explicitFileType = wrapper.cfbundle; includeInIndex = 0; path = ContactsAppTests.xctest; sourceTree = BUILT_PRODUCTS_DIR; };
		E871619E23706BED00D361EE /* ContactsAppTests.swift */ = {isa = PBXFileReference; lastKnownFileType = sourcecode.swift; path = ContactsAppTests.swift; sourceTree = "<group>"; };
		E87161A023706BED00D361EE /* Info.plist */ = {isa = PBXFileReference; lastKnownFileType = text.plist.xml; path = Info.plist; sourceTree = "<group>"; };
		E87161A523706BED00D361EE /* ContactsAppUITests.xctest */ = {isa = PBXFileReference; explicitFileType = wrapper.cfbundle; includeInIndex = 0; path = ContactsAppUITests.xctest; sourceTree = BUILT_PRODUCTS_DIR; };
		E87161A923706BED00D361EE /* ContactsAppUITests.swift */ = {isa = PBXFileReference; lastKnownFileType = sourcecode.swift; path = ContactsAppUITests.swift; sourceTree = "<group>"; };
		E87161AB23706BED00D361EE /* Info.plist */ = {isa = PBXFileReference; lastKnownFileType = text.plist.xml; path = Info.plist; sourceTree = "<group>"; };
		E87161B723706C3C00D361EE /* ContactRow.swift */ = {isa = PBXFileReference; lastKnownFileType = sourcecode.swift; path = ContactRow.swift; sourceTree = "<group>"; };
		E87161B923706E7800D361EE /* ContactData.swift */ = {isa = PBXFileReference; lastKnownFileType = sourcecode.swift; path = ContactData.swift; sourceTree = "<group>"; };
/* End PBXFileReference section */

/* Begin PBXFrameworksBuildPhase section */
		E871617E23706BEB00D361EE /* Frameworks */ = {
			isa = PBXFrameworksBuildPhase;
			buildActionMask = 2147483647;
			files = (
			);
			runOnlyForDeploymentPostprocessing = 0;
		};
		E871619723706BEC00D361EE /* Frameworks */ = {
			isa = PBXFrameworksBuildPhase;
			buildActionMask = 2147483647;
			files = (
			);
			runOnlyForDeploymentPostprocessing = 0;
		};
		E87161A223706BED00D361EE /* Frameworks */ = {
			isa = PBXFrameworksBuildPhase;
			buildActionMask = 2147483647;
			files = (
			);
			runOnlyForDeploymentPostprocessing = 0;
		};
/* End PBXFrameworksBuildPhase section */

/* Begin PBXGroup section */
		E871617823706BEB00D361EE = {
			isa = PBXGroup;
			children = (
				E871618323706BEB00D361EE /* ContactsApp */,
				E871619D23706BEC00D361EE /* ContactsAppTests */,
				E87161A823706BED00D361EE /* ContactsAppUITests */,
				E871618223706BEB00D361EE /* Products */,
			);
			sourceTree = "<group>";
		};
		E871618223706BEB00D361EE /* Products */ = {
			isa = PBXGroup;
			children = (
				E871618123706BEB00D361EE /* ContactsApp.app */,
				E871619A23706BEC00D361EE /* ContactsAppTests.xctest */,
				E87161A523706BED00D361EE /* ContactsAppUITests.xctest */,
			);
			name = Products;
			sourceTree = "<group>";
		};
		E871618323706BEB00D361EE /* ContactsApp */ = {
			isa = PBXGroup;
			children = (
				E871618423706BEB00D361EE /* AppDelegate.swift */,
				E87161B923706E7800D361EE /* ContactData.swift */,
				E871618623706BEB00D361EE /* SceneDelegate.swift */,
				E871618B23706BEB00D361EE /* ContactList.swift */,
				E87161B723706C3C00D361EE /* ContactRow.swift */,
				E871618D23706BEC00D361EE /* Assets.xcassets */,
				E871619223706BEC00D361EE /* LaunchScreen.storyboard */,
				E871619523706BEC00D361EE /* Info.plist */,
				E871618823706BEB00D361EE /* ContactsApp.xcdatamodeld */,
				E871618F23706BEC00D361EE /* Preview Content */,
			);
			path = ContactsApp;
			sourceTree = "<group>";
		};
		E871618F23706BEC00D361EE /* Preview Content */ = {
			isa = PBXGroup;
			children = (
				E871619023706BEC00D361EE /* Preview Assets.xcassets */,
			);
			path = "Preview Content";
			sourceTree = "<group>";
		};
		E871619D23706BEC00D361EE /* ContactsAppTests */ = {
			isa = PBXGroup;
			children = (
				E871619E23706BED00D361EE /* ContactsAppTests.swift */,
				E87161A023706BED00D361EE /* Info.plist */,
			);
			path = ContactsAppTests;
			sourceTree = "<group>";
		};
		E87161A823706BED00D361EE /* ContactsAppUITests */ = {
			isa = PBXGroup;
			children = (
				E87161A923706BED00D361EE /* ContactsAppUITests.swift */,
				E87161AB23706BED00D361EE /* Info.plist */,
			);
			path = ContactsAppUITests;
			sourceTree = "<group>";
		};
/* End PBXGroup section */

/* Begin PBXNativeTarget section */
		E871618023706BEB00D361EE /* ContactsApp */ = {
			isa = PBXNativeTarget;
			buildConfigurationList = E87161AE23706BED00D361EE /* Build configuration list for PBXNativeTarget "ContactsApp" */;
			buildPhases = (
				E871617D23706BEB00D361EE /* Sources */,
				E871617E23706BEB00D361EE /* Frameworks */,
				E871617F23706BEB00D361EE /* Resources */,
			);
			buildRules = (
			);
			dependencies = (
			);
			name = ContactsApp;
			productName = ContactsApp;
			productReference = E871618123706BEB00D361EE /* ContactsApp.app */;
			productType = "com.apple.product-type.application";
		};
		E871619923706BEC00D361EE /* ContactsAppTests */ = {
			isa = PBXNativeTarget;
			buildConfigurationList = E87161B123706BED00D361EE /* Build configuration list for PBXNativeTarget "ContactsAppTests" */;
			buildPhases = (
				E871619623706BEC00D361EE /* Sources */,
				E871619723706BEC00D361EE /* Frameworks */,
				E871619823706BEC00D361EE /* Resources */,
			);
			buildRules = (
			);
			dependencies = (
				E871619C23706BEC00D361EE /* PBXTargetDependency */,
			);
			name = ContactsAppTests;
			productName = ContactsAppTests;
			productReference = E871619A23706BEC00D361EE /* ContactsAppTests.xctest */;
			productType = "com.apple.product-type.bundle.unit-test";
		};
		E87161A423706BED00D361EE /* ContactsAppUITests */ = {
			isa = PBXNativeTarget;
			buildConfigurationList = E87161B423706BED00D361EE /* Build configuration list for PBXNativeTarget "ContactsAppUITests" */;
			buildPhases = (
				E87161A123706BED00D361EE /* Sources */,
				E87161A223706BED00D361EE /* Frameworks */,
				E87161A323706BED00D361EE /* Resources */,
			);
			buildRules = (
			);
			dependencies = (
				E87161A723706BED00D361EE /* PBXTargetDependency */,
			);
			name = ContactsAppUITests;
			productName = ContactsAppUITests;
			productReference = E87161A523706BED00D361EE /* ContactsAppUITests.xctest */;
			productType = "com.apple.product-type.bundle.ui-testing";
		};
/* End PBXNativeTarget section */

/* Begin PBXProject section */
		E871617923706BEB00D361EE /* Project object */ = {
			isa = PBXProject;
			attributes = {
				LastSwiftUpdateCheck = 1110;
				LastUpgradeCheck = 1110;
				ORGANIZATIONNAME = "Maxim Pak";
				TargetAttributes = {
					E871618023706BEB00D361EE = {
						CreatedOnToolsVersion = 11.1;
					};
					E871619923706BEC00D361EE = {
						CreatedOnToolsVersion = 11.1;
						TestTargetID = E871618023706BEB00D361EE;
					};
					E87161A423706BED00D361EE = {
						CreatedOnToolsVersion = 11.1;
						TestTargetID = E871618023706BEB00D361EE;
					};
				};
			};
			buildConfigurationList = E871617C23706BEB00D361EE /* Build configuration list for PBXProject "ContactsApp" */;
			compatibilityVersion = "Xcode 9.3";
			developmentRegion = en;
			hasScannedForEncodings = 0;
			knownRegions = (
				en,
				Base,
			);
			mainGroup = E871617823706BEB00D361EE;
			productRefGroup = E871618223706BEB00D361EE /* Products */;
			projectDirPath = "";
			projectRoot = "";
			targets = (
				E871618023706BEB00D361EE /* ContactsApp */,
				E871619923706BEC00D361EE /* ContactsAppTests */,
				E87161A423706BED00D361EE /* ContactsAppUITests */,
			);
		};
/* End PBXProject section */

/* Begin PBXResourcesBuildPhase section */
		E871617F23706BEB00D361EE /* Resources */ = {
			isa = PBXResourcesBuildPhase;
			buildActionMask = 2147483647;
			files = (
				E871619423706BEC00D361EE /* LaunchScreen.storyboard in Resources */,
				E871619123706BEC00D361EE /* Preview Assets.xcassets in Resources */,
				E871618E23706BEC00D361EE /* Assets.xcassets in Resources */,
			);
			runOnlyForDeploymentPostprocessing = 0;
		};
		E871619823706BEC00D361EE /* Resources */ = {
			isa = PBXResourcesBuildPhase;
			buildActionMask = 2147483647;
			files = (
			);
			runOnlyForDeploymentPostprocessing = 0;
		};
		E87161A323706BED00D361EE /* Resources */ = {
			isa = PBXResourcesBuildPhase;
			buildActionMask = 2147483647;
			files = (
			);
			runOnlyForDeploymentPostprocessing = 0;
		};
/* End PBXResourcesBuildPhase section */

/* Begin PBXSourcesBuildPhase section */
		E871617D23706BEB00D361EE /* Sources */ = {
			isa = PBXSourcesBuildPhase;
			buildActionMask = 2147483647;
			files = (
				E871618A23706BEB00D361EE /* ContactsApp.xcdatamodeld in Sources */,
				E87161B823706C3C00D361EE /* ContactRow.swift in Sources */,
				E87161BA23706E7800D361EE /* ContactData.swift in Sources */,
				E871618523706BEB00D361EE /* AppDelegate.swift in Sources */,
				E871618C23706BEB00D361EE /* ContactList.swift in Sources */,
				E871618723706BEB00D361EE /* SceneDelegate.swift in Sources */,
			);
			runOnlyForDeploymentPostprocessing = 0;
		};
		E871619623706BEC00D361EE /* Sources */ = {
			isa = PBXSourcesBuildPhase;
			buildActionMask = 2147483647;
			files = (
				E871619F23706BED00D361EE /* ContactsAppTests.swift in Sources */,
			);
			runOnlyForDeploymentPostprocessing = 0;
		};
		E87161A123706BED00D361EE /* Sources */ = {
			isa = PBXSourcesBuildPhase;
			buildActionMask = 2147483647;
			files = (
				E87161AA23706BED00D361EE /* ContactsAppUITests.swift in Sources */,
			);
			runOnlyForDeploymentPostprocessing = 0;
		};
/* End PBXSourcesBuildPhase section */

/* Begin PBXTargetDependency section */
		E871619C23706BEC00D361EE /* PBXTargetDependency */ = {
			isa = PBXTargetDependency;
			target = E871618023706BEB00D361EE /* ContactsApp */;
			targetProxy = E871619B23706BEC00D361EE /* PBXContainerItemProxy */;
		};
		E87161A723706BED00D361EE /* PBXTargetDependency */ = {
			isa = PBXTargetDependency;
			target = E871618023706BEB00D361EE /* ContactsApp */;
			targetProxy = E87161A623706BED00D361EE /* PBXContainerItemProxy */;
		};
/* End PBXTargetDependency section */

/* Begin PBXVariantGroup section */
		E871619223706BEC00D361EE /* LaunchScreen.storyboard */ = {
			isa = PBXVariantGroup;
			children = (
				E871619323706BEC00D361EE /* Base */,
			);
			name = LaunchScreen.storyboard;
			sourceTree = "<group>";
		};
/* End PBXVariantGroup section */

/* Begin XCBuildConfiguration section */
		E87161AC23706BED00D361EE /* Debug */ = {
			isa = XCBuildConfiguration;
			buildSettings = {
				ALWAYS_SEARCH_USER_PATHS = NO;
				CLANG_ANALYZER_NONNULL = YES;
				CLANG_ANALYZER_NUMBER_OBJECT_CONVERSION = YES_AGGRESSIVE;
				CLANG_CXX_LANGUAGE_STANDARD = "gnu++14";
				CLANG_CXX_LIBRARY = "libc++";
				CLANG_ENABLE_MODULES = YES;
				CLANG_ENABLE_OBJC_ARC = YES;
				CLANG_ENABLE_OBJC_WEAK = YES;
				CLANG_WARN_BLOCK_CAPTURE_AUTORELEASING = YES;
				CLANG_WARN_BOOL_CONVERSION = YES;
				CLANG_WARN_COMMA = YES;
				CLANG_WARN_CONSTANT_CONVERSION = YES;
				CLANG_WARN_DEPRECATED_OBJC_IMPLEMENTATIONS = YES;
				CLANG_WARN_DIRECT_OBJC_ISA_USAGE = YES_ERROR;
				CLANG_WARN_DOCUMENTATION_COMMENTS = YES;
				CLANG_WARN_EMPTY_BODY = YES;
				CLANG_WARN_ENUM_CONVERSION = YES;
				CLANG_WARN_INFINITE_RECURSION = YES;
				CLANG_WARN_INT_CONVERSION = YES;
				CLANG_WARN_NON_LITERAL_NULL_CONVERSION = YES;
				CLANG_WARN_OBJC_IMPLICIT_RETAIN_SELF = YES;
				CLANG_WARN_OBJC_LITERAL_CONVERSION = YES;
				CLANG_WARN_OBJC_ROOT_CLASS = YES_ERROR;
				CLANG_WARN_RANGE_LOOP_ANALYSIS = YES;
				CLANG_WARN_STRICT_PROTOTYPES = YES;
				CLANG_WARN_SUSPICIOUS_MOVE = YES;
				CLANG_WARN_UNGUARDED_AVAILABILITY = YES_AGGRESSIVE;
				CLANG_WARN_UNREACHABLE_CODE = YES;
				CLANG_WARN__DUPLICATE_METHOD_MATCH = YES;
				COPY_PHASE_STRIP = NO;
				DEBUG_INFORMATION_FORMAT = dwarf;
				ENABLE_STRICT_OBJC_MSGSEND = YES;
				ENABLE_TESTABILITY = YES;
				GCC_C_LANGUAGE_STANDARD = gnu11;
				GCC_DYNAMIC_NO_PIC = NO;
				GCC_NO_COMMON_BLOCKS = YES;
				GCC_OPTIMIZATION_LEVEL = 0;
				GCC_PREPROCESSOR_DEFINITIONS = (
					"DEBUG=1",
					"$(inherited)",
				);
				GCC_WARN_64_TO_32_BIT_CONVERSION = YES;
				GCC_WARN_ABOUT_RETURN_TYPE = YES_ERROR;
				GCC_WARN_UNDECLARED_SELECTOR = YES;
				GCC_WARN_UNINITIALIZED_AUTOS = YES_AGGRESSIVE;
				GCC_WARN_UNUSED_FUNCTION = YES;
				GCC_WARN_UNUSED_VARIABLE = YES;
				IPHONEOS_DEPLOYMENT_TARGET = 13.1;
				MTL_ENABLE_DEBUG_INFO = INCLUDE_SOURCE;
				MTL_FAST_MATH = YES;
				ONLY_ACTIVE_ARCH = YES;
				SDKROOT = iphoneos;
				SWIFT_ACTIVE_COMPILATION_CONDITIONS = DEBUG;
				SWIFT_OPTIMIZATION_LEVEL = "-Onone";
			};
			name = Debug;
		};
		E87161AD23706BED00D361EE /* Release */ = {
			isa = XCBuildConfiguration;
			buildSettings = {
				ALWAYS_SEARCH_USER_PATHS = NO;
				CLANG_ANALYZER_NONNULL = YES;
				CLANG_ANALYZER_NUMBER_OBJECT_CONVERSION = YES_AGGRESSIVE;
				CLANG_CXX_LANGUAGE_STANDARD = "gnu++14";
				CLANG_CXX_LIBRARY = "libc++";
				CLANG_ENABLE_MODULES = YES;
				CLANG_ENABLE_OBJC_ARC = YES;
				CLANG_ENABLE_OBJC_WEAK = YES;
				CLANG_WARN_BLOCK_CAPTURE_AUTORELEASING = YES;
				CLANG_WARN_BOOL_CONVERSION = YES;
				CLANG_WARN_COMMA = YES;
				CLANG_WARN_CONSTANT_CONVERSION = YES;
				CLANG_WARN_DEPRECATED_OBJC_IMPLEMENTATIONS = YES;
				CLANG_WARN_DIRECT_OBJC_ISA_USAGE = YES_ERROR;
				CLANG_WARN_DOCUMENTATION_COMMENTS = YES;
				CLANG_WARN_EMPTY_BODY = YES;
				CLANG_WARN_ENUM_CONVERSION = YES;
				CLANG_WARN_INFINITE_RECURSION = YES;
				CLANG_WARN_INT_CONVERSION = YES;
				CLANG_WARN_NON_LITERAL_NULL_CONVERSION = YES;
				CLANG_WARN_OBJC_IMPLICIT_RETAIN_SELF = YES;
				CLANG_WARN_OBJC_LITERAL_CONVERSION = YES;
				CLANG_WARN_OBJC_ROOT_CLASS = YES_ERROR;
				CLANG_WARN_RANGE_LOOP_ANALYSIS = YES;
				CLANG_WARN_STRICT_PROTOTYPES = YES;
				CLANG_WARN_SUSPICIOUS_MOVE = YES;
				CLANG_WARN_UNGUARDED_AVAILABILITY = YES_AGGRESSIVE;
				CLANG_WARN_UNREACHABLE_CODE = YES;
				CLANG_WARN__DUPLICATE_METHOD_MATCH = YES;
				COPY_PHASE_STRIP = NO;
				DEBUG_INFORMATION_FORMAT = "dwarf-with-dsym";
				ENABLE_NS_ASSERTIONS = NO;
				ENABLE_STRICT_OBJC_MSGSEND = YES;
				GCC_C_LANGUAGE_STANDARD = gnu11;
				GCC_NO_COMMON_BLOCKS = YES;
				GCC_WARN_64_TO_32_BIT_CONVERSION = YES;
				GCC_WARN_ABOUT_RETURN_TYPE = YES_ERROR;
				GCC_WARN_UNDECLARED_SELECTOR = YES;
				GCC_WARN_UNINITIALIZED_AUTOS = YES_AGGRESSIVE;
				GCC_WARN_UNUSED_FUNCTION = YES;
				GCC_WARN_UNUSED_VARIABLE = YES;
				IPHONEOS_DEPLOYMENT_TARGET = 13.1;
				MTL_ENABLE_DEBUG_INFO = NO;
				MTL_FAST_MATH = YES;
				SDKROOT = iphoneos;
				SWIFT_COMPILATION_MODE = wholemodule;
				SWIFT_OPTIMIZATION_LEVEL = "-O";
				VALIDATE_PRODUCT = YES;
			};
			name = Release;
		};
		E87161AF23706BED00D361EE /* Debug */ = {
			isa = XCBuildConfiguration;
			buildSettings = {
				ASSETCATALOG_COMPILER_APPICON_NAME = AppIcon;
				CODE_SIGN_STYLE = Automatic;
				DEVELOPMENT_ASSET_PATHS = "\"ContactsApp/Preview Content\"";
				DEVELOPMENT_TEAM = 9SJCZW6NCR;
				ENABLE_PREVIEWS = YES;
				INFOPLIST_FILE = ContactsApp/Info.plist;
				LD_RUNPATH_SEARCH_PATHS = (
					"$(inherited)",
					"@executable_path/Frameworks",
				);
				PRODUCT_BUNDLE_IDENTIFIER = mpak.ContactsApp;
				PRODUCT_NAME = "$(TARGET_NAME)";
				SWIFT_VERSION = 5.0;
				TARGETED_DEVICE_FAMILY = "1,2";
			};
			name = Debug;
		};
		E87161B023706BED00D361EE /* Release */ = {
			isa = XCBuildConfiguration;
			buildSettings = {
				ASSETCATALOG_COMPILER_APPICON_NAME = AppIcon;
				CODE_SIGN_STYLE = Automatic;
				DEVELOPMENT_ASSET_PATHS = "\"ContactsApp/Preview Content\"";
				DEVELOPMENT_TEAM = 9SJCZW6NCR;
				ENABLE_PREVIEWS = YES;
				INFOPLIST_FILE = ContactsApp/Info.plist;
				LD_RUNPATH_SEARCH_PATHS = (
					"$(inherited)",
					"@executable_path/Frameworks",
				);
				PRODUCT_BUNDLE_IDENTIFIER = mpak.ContactsApp;
				PRODUCT_NAME = "$(TARGET_NAME)";
				SWIFT_VERSION = 5.0;
				TARGETED_DEVICE_FAMILY = "1,2";
			};
			name = Release;
		};
		E87161B223706BED00D361EE /* Debug */ = {
			isa = XCBuildConfiguration;
			buildSettings = {
				ALWAYS_EMBED_SWIFT_STANDARD_LIBRARIES = YES;
				BUNDLE_LOADER = "$(TEST_HOST)";
				CODE_SIGN_STYLE = Automatic;
				DEVELOPMENT_TEAM = 9SJCZW6NCR;
				INFOPLIST_FILE = ContactsAppTests/Info.plist;
				IPHONEOS_DEPLOYMENT_TARGET = 13.1;
				LD_RUNPATH_SEARCH_PATHS = (
					"$(inherited)",
					"@executable_path/Frameworks",
					"@loader_path/Frameworks",
				);
				PRODUCT_BUNDLE_IDENTIFIER = mpak.ContactsAppTests;
				PRODUCT_NAME = "$(TARGET_NAME)";
				SWIFT_VERSION = 5.0;
				TARGETED_DEVICE_FAMILY = "1,2";
				TEST_HOST = "$(BUILT_PRODUCTS_DIR)/ContactsApp.app/ContactsApp";
			};
			name = Debug;
		};
		E87161B323706BED00D361EE /* Release */ = {
			isa = XCBuildConfiguration;
			buildSettings = {
				ALWAYS_EMBED_SWIFT_STANDARD_LIBRARIES = YES;
				BUNDLE_LOADER = "$(TEST_HOST)";
				CODE_SIGN_STYLE = Automatic;
				DEVELOPMENT_TEAM = 9SJCZW6NCR;
				INFOPLIST_FILE = ContactsAppTests/Info.plist;
				IPHONEOS_DEPLOYMENT_TARGET = 13.1;
				LD_RUNPATH_SEARCH_PATHS = (
					"$(inherited)",
					"@executable_path/Frameworks",
					"@loader_path/Frameworks",
				);
				PRODUCT_BUNDLE_IDENTIFIER = mpak.ContactsAppTests;
				PRODUCT_NAME = "$(TARGET_NAME)";
				SWIFT_VERSION = 5.0;
				TARGETED_DEVICE_FAMILY = "1,2";
				TEST_HOST = "$(BUILT_PRODUCTS_DIR)/ContactsApp.app/ContactsApp";
			};
			name = Release;
		};
		E87161B523706BED00D361EE /* Debug */ = {
			isa = XCBuildConfiguration;
			buildSettings = {
				ALWAYS_EMBED_SWIFT_STANDARD_LIBRARIES = YES;
				CODE_SIGN_STYLE = Automatic;
				DEVELOPMENT_TEAM = 9SJCZW6NCR;
				INFOPLIST_FILE = ContactsAppUITests/Info.plist;
				LD_RUNPATH_SEARCH_PATHS = (
					"$(inherited)",
					"@executable_path/Frameworks",
					"@loader_path/Frameworks",
				);
				PRODUCT_BUNDLE_IDENTIFIER = mpak.ContactsAppUITests;
				PRODUCT_NAME = "$(TARGET_NAME)";
				SWIFT_VERSION = 5.0;
				TARGETED_DEVICE_FAMILY = "1,2";
				TEST_TARGET_NAME = ContactsApp;
			};
			name = Debug;
		};
		E87161B623706BED00D361EE /* Release */ = {
			isa = XCBuildConfiguration;
			buildSettings = {
				ALWAYS_EMBED_SWIFT_STANDARD_LIBRARIES = YES;
				CODE_SIGN_STYLE = Automatic;
				DEVELOPMENT_TEAM = 9SJCZW6NCR;
				INFOPLIST_FILE = ContactsAppUITests/Info.plist;
				LD_RUNPATH_SEARCH_PATHS = (
					"$(inherited)",
					"@executable_path/Frameworks",
					"@loader_path/Frameworks",
				);
				PRODUCT_BUNDLE_IDENTIFIER = mpak.ContactsAppUITests;
				PRODUCT_NAME = "$(TARGET_NAME)";
				SWIFT_VERSION = 5.0;
				TARGETED_DEVICE_FAMILY = "1,2";
				TEST_TARGET_NAME = ContactsApp;
			};
			name = Release;
		};
/* End XCBuildConfiguration section */

/* Begin XCConfigurationList section */
		E871617C23706BEB00D361EE /* Build configuration list for PBXProject "ContactsApp" */ = {
			isa = XCConfigurationList;
			buildConfigurations = (
				E87161AC23706BED00D361EE /* Debug */,
				E87161AD23706BED00D361EE /* Release */,
			);
			defaultConfigurationIsVisible = 0;
			defaultConfigurationName = Release;
		};
		E87161AE23706BED00D361EE /* Build configuration list for PBXNativeTarget "ContactsApp" */ = {
			isa = XCConfigurationList;
			buildConfigurations = (
				E87161AF23706BED00D361EE /* Debug */,
				E87161B023706BED00D361EE /* Release */,
			);
			defaultConfigurationIsVisible = 0;
			defaultConfigurationName = Release;
		};
		E87161B123706BED00D361EE /* Build configuration list for PBXNativeTarget "ContactsAppTests" */ = {
			isa = XCConfigurationList;
			buildConfigurations = (
				E87161B223706BED00D361EE /* Debug */,
				E87161B323706BED00D361EE /* Release */,
			);
			defaultConfigurationIsVisible = 0;
			defaultConfigurationName = Release;
		};
		E87161B423706BED00D361EE /* Build configuration list for PBXNativeTarget "ContactsAppUITests" */ = {
			isa = XCConfigurationList;
			buildConfigurations = (
				E87161B523706BED00D361EE /* Debug */,
				E87161B623706BED00D361EE /* Release */,
			);
			defaultConfigurationIsVisible = 0;
			defaultConfigurationName = Release;
		};
/* End XCConfigurationList section */

/* Begin XCVersionGroup section */
		E871618823706BEB00D361EE /* ContactsApp.xcdatamodeld */ = {
			isa = XCVersionGroup;
			children = (
				E871618923706BEB00D361EE /* ContactsApp.xcdatamodel */,
			);
			currentVersion = E871618923706BEB00D361EE /* ContactsApp.xcdatamodel */;
			path = ContactsApp.xcdatamodeld;
			sourceTree = "<group>";
			versionGroupType = wrapper.xcdatamodel;
		};
/* End XCVersionGroup section */
	};
	rootObject = E871617923706BEB00D361EE /* Project object */;
}
